// !$*UTF8*$!
{
	archiveVersion = 1;
	classes = {
	};
	objectVersion = 46;
	objects = {

/* Begin PBXBuildFile section */
		8982CB0918969CDD00D059B5 /* Foundation.framework in Frameworks */ = {isa = PBXBuildFile; fileRef = 8982CB0818969CDD00D059B5 /* Foundation.framework */; };
		8982CB0B18969CDD00D059B5 /* CoreGraphics.framework in Frameworks */ = {isa = PBXBuildFile; fileRef = 8982CB0A18969CDD00D059B5 /* CoreGraphics.framework */; };
		8982CB0D18969CDD00D059B5 /* UIKit.framework in Frameworks */ = {isa = PBXBuildFile; fileRef = 8982CB0C18969CDD00D059B5 /* UIKit.framework */; };
		8982CB1318969CDD00D059B5 /* InfoPlist.strings in Resources */ = {isa = PBXBuildFile; fileRef = 8982CB1118969CDD00D059B5 /* InfoPlist.strings */; };
		8982CB1518969CDD00D059B5 /* main.m in Sources */ = {isa = PBXBuildFile; fileRef = 8982CB1418969CDD00D059B5 /* main.m */; };
		8982CB1918969CDD00D059B5 /* AppDelegate.m in Sources */ = {isa = PBXBuildFile; fileRef = 8982CB1818969CDD00D059B5 /* AppDelegate.m */; };
		8982CB1C18969CDD00D059B5 /* Main.storyboard in Resources */ = {isa = PBXBuildFile; fileRef = 8982CB1A18969CDD00D059B5 /* Main.storyboard */; };
		8982CB2118969CDD00D059B5 /* Images.xcassets in Resources */ = {isa = PBXBuildFile; fileRef = 8982CB2018969CDD00D059B5 /* Images.xcassets */; };
		8982CB2818969CDD00D059B5 /* XCTest.framework in Frameworks */ = {isa = PBXBuildFile; fileRef = 8982CB2718969CDD00D059B5 /* XCTest.framework */; };
		8982CB2918969CDD00D059B5 /* Foundation.framework in Frameworks */ = {isa = PBXBuildFile; fileRef = 8982CB0818969CDD00D059B5 /* Foundation.framework */; };
		8982CB2A18969CDD00D059B5 /* UIKit.framework in Frameworks */ = {isa = PBXBuildFile; fileRef = 8982CB0C18969CDD00D059B5 /* UIKit.framework */; };
		8982CB3218969CDD00D059B5 /* InfoPlist.strings in Resources */ = {isa = PBXBuildFile; fileRef = 8982CB3018969CDD00D059B5 /* InfoPlist.strings */; };
		8982CB3418969CDD00D059B5 /* WhichTests.m in Sources */ = {isa = PBXBuildFile; fileRef = 8982CB3318969CDD00D059B5 /* WhichTests.m */; };
		8982CB4118969DA200D059B5 /* Raleway-Regular.ttf in Resources */ = {isa = PBXBuildFile; fileRef = 8982CB4018969DA200D059B5 /* Raleway-Regular.ttf */; };
		89C2B3761896A2E400B51FCB /* GameViewController.m in Sources */ = {isa = PBXBuildFile; fileRef = 89C2B3751896A2E400B51FCB /* GameViewController.m */; };
		89C2B3791896A32500B51FCB /* GameTableViewController.m in Sources */ = {isa = PBXBuildFile; fileRef = 89C2B3781896A32500B51FCB /* GameTableViewController.m */; };
		89C2B3801896A59F00B51FCB /* Blenda Script.otf in Resources */ = {isa = PBXBuildFile; fileRef = 89C2B37F1896A59F00B51FCB /* Blenda Script.otf */; };
		89C2B3861896ACAD00B51FCB /* ResultsViewController.m in Sources */ = {isa = PBXBuildFile; fileRef = 89C2B3851896ACAD00B51FCB /* ResultsViewController.m */; };
		89DF4F5A189C500300ECC34C /* navItem.png in Resources */ = {isa = PBXBuildFile; fileRef = 89DF4F58189C500300ECC34C /* navItem.png */; };
		89DF4F5B189C500300ECC34C /* navItem@2x.png in Resources */ = {isa = PBXBuildFile; fileRef = 89DF4F59189C500300ECC34C /* navItem@2x.png */; };
		89DF4F5D189C516600ECC34C /* Social.framework in Frameworks */ = {isa = PBXBuildFile; fileRef = 89DF4F5C189C516600ECC34C /* Social.framework */; };
		BC889493A33F444FBFDB6EC0 /* libPods.a in Frameworks */ = {isa = PBXBuildFile; fileRef = 5C40464594854E848B9078C8 /* libPods.a */; };
/* End PBXBuildFile section */

/* Begin PBXContainerItemProxy section */
		8982CB2B18969CDD00D059B5 /* PBXContainerItemProxy */ = {
			isa = PBXContainerItemProxy;
			containerPortal = 8982CAFD18969CDD00D059B5 /* Project object */;
			proxyType = 1;
			remoteGlobalIDString = 8982CB0418969CDD00D059B5;
			remoteInfo = Which;
		};
/* End PBXContainerItemProxy section */

/* Begin PBXFileReference section */
		5C40464594854E848B9078C8 /* libPods.a */ = {isa = PBXFileReference; explicitFileType = archive.ar; includeInIndex = 0; path = libPods.a; sourceTree = BUILT_PRODUCTS_DIR; };
		8982CB0518969CDD00D059B5 /* Which.app */ = {isa = PBXFileReference; explicitFileType = wrapper.application; includeInIndex = 0; path = Which.app; sourceTree = BUILT_PRODUCTS_DIR; };
		8982CB0818969CDD00D059B5 /* Foundation.framework */ = {isa = PBXFileReference; lastKnownFileType = wrapper.framework; name = Foundation.framework; path = System/Library/Frameworks/Foundation.framework; sourceTree = SDKROOT; };
		8982CB0A18969CDD00D059B5 /* CoreGraphics.framework */ = {isa = PBXFileReference; lastKnownFileType = wrapper.framework; name = CoreGraphics.framework; path = System/Library/Frameworks/CoreGraphics.framework; sourceTree = SDKROOT; };
		8982CB0C18969CDD00D059B5 /* UIKit.framework */ = {isa = PBXFileReference; lastKnownFileType = wrapper.framework; name = UIKit.framework; path = System/Library/Frameworks/UIKit.framework; sourceTree = SDKROOT; };
		8982CB1018969CDD00D059B5 /* Which-Info.plist */ = {isa = PBXFileReference; lastKnownFileType = text.plist.xml; path = "Which-Info.plist"; sourceTree = "<group>"; };
		8982CB1218969CDD00D059B5 /* en */ = {isa = PBXFileReference; lastKnownFileType = text.plist.strings; name = en; path = en.lproj/InfoPlist.strings; sourceTree = "<group>"; };
		8982CB1418969CDD00D059B5 /* main.m */ = {isa = PBXFileReference; lastKnownFileType = sourcecode.c.objc; path = main.m; sourceTree = "<group>"; };
		8982CB1618969CDD00D059B5 /* Which-Prefix.pch */ = {isa = PBXFileReference; lastKnownFileType = sourcecode.c.h; path = "Which-Prefix.pch"; sourceTree = "<group>"; };
		8982CB1718969CDD00D059B5 /* AppDelegate.h */ = {isa = PBXFileReference; lastKnownFileType = sourcecode.c.h; path = AppDelegate.h; sourceTree = "<group>"; };
		8982CB1818969CDD00D059B5 /* AppDelegate.m */ = {isa = PBXFileReference; lastKnownFileType = sourcecode.c.objc; path = AppDelegate.m; sourceTree = "<group>"; };
		8982CB1B18969CDD00D059B5 /* Base */ = {isa = PBXFileReference; lastKnownFileType = file.storyboard; name = Base; path = Base.lproj/Main.storyboard; sourceTree = "<group>"; };
		8982CB2018969CDD00D059B5 /* Images.xcassets */ = {isa = PBXFileReference; lastKnownFileType = folder.assetcatalog; path = Images.xcassets; sourceTree = "<group>"; };
		8982CB2618969CDD00D059B5 /* WhichTests.xctest */ = {isa = PBXFileReference; explicitFileType = wrapper.cfbundle; includeInIndex = 0; path = WhichTests.xctest; sourceTree = BUILT_PRODUCTS_DIR; };
		8982CB2718969CDD00D059B5 /* XCTest.framework */ = {isa = PBXFileReference; lastKnownFileType = wrapper.framework; name = XCTest.framework; path = Library/Frameworks/XCTest.framework; sourceTree = DEVELOPER_DIR; };
		8982CB2F18969CDD00D059B5 /* WhichTests-Info.plist */ = {isa = PBXFileReference; lastKnownFileType = text.plist.xml; path = "WhichTests-Info.plist"; sourceTree = "<group>"; };
		8982CB3118969CDD00D059B5 /* en */ = {isa = PBXFileReference; lastKnownFileType = text.plist.strings; name = en; path = en.lproj/InfoPlist.strings; sourceTree = "<group>"; };
		8982CB3318969CDD00D059B5 /* WhichTests.m */ = {isa = PBXFileReference; lastKnownFileType = sourcecode.c.objc; path = WhichTests.m; sourceTree = "<group>"; };
		8982CB4018969DA200D059B5 /* Raleway-Regular.ttf */ = {isa = PBXFileReference; lastKnownFileType = file; path = "Raleway-Regular.ttf"; sourceTree = "<group>"; };
		89C2B3741896A2E400B51FCB /* GameViewController.h */ = {isa = PBXFileReference; fileEncoding = 4; lastKnownFileType = sourcecode.c.h; path = GameViewController.h; sourceTree = "<group>"; };
		89C2B3751896A2E400B51FCB /* GameViewController.m */ = {isa = PBXFileReference; fileEncoding = 4; lastKnownFileType = sourcecode.c.objc; path = GameViewController.m; sourceTree = "<group>"; };
		89C2B3771896A32500B51FCB /* GameTableViewController.h */ = {isa = PBXFileReference; fileEncoding = 4; lastKnownFileType = sourcecode.c.h; path = GameTableViewController.h; sourceTree = "<group>"; };
		89C2B3781896A32500B51FCB /* GameTableViewController.m */ = {isa = PBXFileReference; fileEncoding = 4; lastKnownFileType = sourcecode.c.objc; path = GameTableViewController.m; sourceTree = "<group>"; };
		89C2B37F1896A59F00B51FCB /* Blenda Script.otf */ = {isa = PBXFileReference; lastKnownFileType = file; path = "Blenda Script.otf"; sourceTree = "<group>"; };
		89C2B3841896ACAD00B51FCB /* ResultsViewController.h */ = {isa = PBXFileReference; fileEncoding = 4; lastKnownFileType = sourcecode.c.h; path = ResultsViewController.h; sourceTree = "<group>"; };
		89C2B3851896ACAD00B51FCB /* ResultsViewController.m */ = {isa = PBXFileReference; fileEncoding = 4; lastKnownFileType = sourcecode.c.objc; path = ResultsViewController.m; sourceTree = "<group>"; };
		89DF4F58189C500300ECC34C /* navItem.png */ = {isa = PBXFileReference; lastKnownFileType = image.png; path = navItem.png; sourceTree = "<group>"; };
		89DF4F59189C500300ECC34C /* navItem@2x.png */ = {isa = PBXFileReference; lastKnownFileType = image.png; path = "navItem@2x.png"; sourceTree = "<group>"; };
		89DF4F5C189C516600ECC34C /* Social.framework */ = {isa = PBXFileReference; lastKnownFileType = wrapper.framework; name = Social.framework; path = System/Library/Frameworks/Social.framework; sourceTree = SDKROOT; };
		FCAE3B2B859742118A5AB8CA /* Pods.xcconfig */ = {isa = PBXFileReference; includeInIndex = 1; lastKnownFileType = text.xcconfig; name = Pods.xcconfig; path = Pods/Pods.xcconfig; sourceTree = "<group>"; };
/* End PBXFileReference section */

/* Begin PBXFrameworksBuildPhase section */
		8982CB0218969CDD00D059B5 /* Frameworks */ = {
			isa = PBXFrameworksBuildPhase;
			buildActionMask = 2147483647;
			files = (
				89DF4F5D189C516600ECC34C /* Social.framework in Frameworks */,
				8982CB0B18969CDD00D059B5 /* CoreGraphics.framework in Frameworks */,
				8982CB0D18969CDD00D059B5 /* UIKit.framework in Frameworks */,
				8982CB0918969CDD00D059B5 /* Foundation.framework in Frameworks */,
				BC889493A33F444FBFDB6EC0 /* libPods.a in Frameworks */,
			);
			runOnlyForDeploymentPostprocessing = 0;
		};
		8982CB2318969CDD00D059B5 /* Frameworks */ = {
			isa = PBXFrameworksBuildPhase;
			buildActionMask = 2147483647;
			files = (
				8982CB2818969CDD00D059B5 /* XCTest.framework in Frameworks */,
				8982CB2A18969CDD00D059B5 /* UIKit.framework in Frameworks */,
				8982CB2918969CDD00D059B5 /* Foundation.framework in Frameworks */,
			);
			runOnlyForDeploymentPostprocessing = 0;
		};
/* End PBXFrameworksBuildPhase section */

/* Begin PBXGroup section */
		8982CAFC18969CDD00D059B5 = {
			isa = PBXGroup;
			children = (
				89C2B37F1896A59F00B51FCB /* Blenda Script.otf */,
				8982CB4018969DA200D059B5 /* Raleway-Regular.ttf */,
				8982CB0E18969CDD00D059B5 /* Which */,
				8982CB2D18969CDD00D059B5 /* WhichTests */,
				8982CB0718969CDD00D059B5 /* Frameworks */,
				8982CB0618969CDD00D059B5 /* Products */,
				FCAE3B2B859742118A5AB8CA /* Pods.xcconfig */,
			);
			sourceTree = "<group>";
		};
		8982CB0618969CDD00D059B5 /* Products */ = {
			isa = PBXGroup;
			children = (
				8982CB0518969CDD00D059B5 /* Which.app */,
				8982CB2618969CDD00D059B5 /* WhichTests.xctest */,
			);
			name = Products;
			sourceTree = "<group>";
		};
		8982CB0718969CDD00D059B5 /* Frameworks */ = {
			isa = PBXGroup;
			children = (
				89DF4F5C189C516600ECC34C /* Social.framework */,
				8982CB0818969CDD00D059B5 /* Foundation.framework */,
				8982CB0A18969CDD00D059B5 /* CoreGraphics.framework */,
				8982CB0C18969CDD00D059B5 /* UIKit.framework */,
				8982CB2718969CDD00D059B5 /* XCTest.framework */,
				5C40464594854E848B9078C8 /* libPods.a */,
			);
			name = Frameworks;
			sourceTree = "<group>";
		};
		8982CB0E18969CDD00D059B5 /* Which */ = {
			isa = PBXGroup;
			children = (
				8982CB1718969CDD00D059B5 /* AppDelegate.h */,
				8982CB1818969CDD00D059B5 /* AppDelegate.m */,
				89C2B3771896A32500B51FCB /* GameTableViewController.h */,
				89C2B3781896A32500B51FCB /* GameTableViewController.m */,
				89C2B3741896A2E400B51FCB /* GameViewController.h */,
				89C2B3751896A2E400B51FCB /* GameViewController.m */,
				89C2B3841896ACAD00B51FCB /* ResultsViewController.h */,
				89C2B3851896ACAD00B51FCB /* ResultsViewController.m */,
				8982CB1A18969CDD00D059B5 /* Main.storyboard */,
				8982CB2018969CDD00D059B5 /* Images.xcassets */,
				8982CB0F18969CDD00D059B5 /* Supporting Files */,
			);
			path = Which;
			sourceTree = "<group>";
		};
		8982CB0F18969CDD00D059B5 /* Supporting Files */ = {
			isa = PBXGroup;
			children = (
				89C2B37E1896A35C00B51FCB /* Images */,
				8982CB1018969CDD00D059B5 /* Which-Info.plist */,
				8982CB1118969CDD00D059B5 /* InfoPlist.strings */,
				8982CB1418969CDD00D059B5 /* main.m */,
				8982CB1618969CDD00D059B5 /* Which-Prefix.pch */,
			);
			name = "Supporting Files";
			sourceTree = "<group>";
		};
		8982CB2D18969CDD00D059B5 /* WhichTests */ = {
			isa = PBXGroup;
			children = (
				8982CB3318969CDD00D059B5 /* WhichTests.m */,
				8982CB2E18969CDD00D059B5 /* Supporting Files */,
			);
			path = WhichTests;
			sourceTree = "<group>";
		};
		8982CB2E18969CDD00D059B5 /* Supporting Files */ = {
			isa = PBXGroup;
			children = (
				8982CB2F18969CDD00D059B5 /* WhichTests-Info.plist */,
				8982CB3018969CDD00D059B5 /* InfoPlist.strings */,
			);
			name = "Supporting Files";
			sourceTree = "<group>";
		};
		89C2B37E1896A35C00B51FCB /* Images */ = {
			isa = PBXGroup;
			children = (
				89DF4F58189C500300ECC34C /* navItem.png */,
				89DF4F59189C500300ECC34C /* navItem@2x.png */,
			);
			name = Images;
			sourceTree = "<group>";
		};
/* End PBXGroup section */

/* Begin PBXNativeTarget section */
		8982CB0418969CDD00D059B5 /* Which */ = {
			isa = PBXNativeTarget;
			buildConfigurationList = 8982CB3718969CDD00D059B5 /* Build configuration list for PBXNativeTarget "Which" */;
			buildPhases = (
				CAD58279BF67480FAB8C6024 /* Check Pods Manifest.lock */,
				8982CB0118969CDD00D059B5 /* Sources */,
				8982CB0218969CDD00D059B5 /* Frameworks */,
				8982CB0318969CDD00D059B5 /* Resources */,
				A3167DB9EEAA456E9B5F01EB /* Copy Pods Resources */,
			);
			buildRules = (
			);
			dependencies = (
			);
			name = Which;
			productName = Which;
			productReference = 8982CB0518969CDD00D059B5 /* Which.app */;
			productType = "com.apple.product-type.application";
		};
		8982CB2518969CDD00D059B5 /* WhichTests */ = {
			isa = PBXNativeTarget;
			buildConfigurationList = 8982CB3A18969CDD00D059B5 /* Build configuration list for PBXNativeTarget "WhichTests" */;
			buildPhases = (
				8982CB2218969CDD00D059B5 /* Sources */,
				8982CB2318969CDD00D059B5 /* Frameworks */,
				8982CB2418969CDD00D059B5 /* Resources */,
			);
			buildRules = (
			);
			dependencies = (
				8982CB2C18969CDD00D059B5 /* PBXTargetDependency */,
			);
			name = WhichTests;
			productName = WhichTests;
			productReference = 8982CB2618969CDD00D059B5 /* WhichTests.xctest */;
			productType = "com.apple.product-type.bundle.unit-test";
		};
/* End PBXNativeTarget section */

/* Begin PBXProject section */
		8982CAFD18969CDD00D059B5 /* Project object */ = {
			isa = PBXProject;
			attributes = {
				LastUpgradeCheck = 0500;
				ORGANIZATIONNAME = NicholasAngeli;
				TargetAttributes = {
					8982CB2518969CDD00D059B5 = {
						TestTargetID = 8982CB0418969CDD00D059B5;
					};
				};
			};
			buildConfigurationList = 8982CB0018969CDD00D059B5 /* Build configuration list for PBXProject "Which" */;
			compatibilityVersion = "Xcode 3.2";
			developmentRegion = English;
			hasScannedForEncodings = 0;
			knownRegions = (
				en,
				Base,
			);
			mainGroup = 8982CAFC18969CDD00D059B5;
			productRefGroup = 8982CB0618969CDD00D059B5 /* Products */;
			projectDirPath = "";
			projectRoot = "";
			targets = (
				8982CB0418969CDD00D059B5 /* Which */,
				8982CB2518969CDD00D059B5 /* WhichTests */,
			);
		};
/* End PBXProject section */

/* Begin PBXResourcesBuildPhase section */
		8982CB0318969CDD00D059B5 /* Resources */ = {
			isa = PBXResourcesBuildPhase;
			buildActionMask = 2147483647;
			files = (
				8982CB2118969CDD00D059B5 /* Images.xcassets in Resources */,
				8982CB1318969CDD00D059B5 /* InfoPlist.strings in Resources */,
				89DF4F5B189C500300ECC34C /* navItem@2x.png in Resources */,
				8982CB1C18969CDD00D059B5 /* Main.storyboard in Resources */,
				89C2B3801896A59F00B51FCB /* Blenda Script.otf in Resources */,
				89DF4F5A189C500300ECC34C /* navItem.png in Resources */,
				8982CB4118969DA200D059B5 /* Raleway-Regular.ttf in Resources */,
			);
			runOnlyForDeploymentPostprocessing = 0;
		};
		8982CB2418969CDD00D059B5 /* Resources */ = {
			isa = PBXResourcesBuildPhase;
			buildActionMask = 2147483647;
			files = (
				8982CB3218969CDD00D059B5 /* InfoPlist.strings in Resources */,
			);
			runOnlyForDeploymentPostprocessing = 0;
		};
/* End PBXResourcesBuildPhase section */

/* Begin PBXShellScriptBuildPhase section */
		A3167DB9EEAA456E9B5F01EB /* Copy Pods Resources */ = {
			isa = PBXShellScriptBuildPhase;
			buildActionMask = 2147483647;
			files = (
			);
			inputPaths = (
			);
			name = "Copy Pods Resources";
			outputPaths = (
			);
			runOnlyForDeploymentPostprocessing = 0;
			shellPath = /bin/sh;
			shellScript = "\"${SRCROOT}/Pods/Pods-resources.sh\"\n";
			showEnvVarsInLog = 0;
		};
		CAD58279BF67480FAB8C6024 /* Check Pods Manifest.lock */ = {
			isa = PBXShellScriptBuildPhase;
			buildActionMask = 2147483647;
			files = (
			);
			inputPaths = (
			);
			name = "Check Pods Manifest.lock";
			outputPaths = (
			);
			runOnlyForDeploymentPostprocessing = 0;
			shellPath = /bin/sh;
			shellScript = "diff \"${PODS_ROOT}/../Podfile.lock\" \"${PODS_ROOT}/Manifest.lock\" > /dev/null\nif [[ $? != 0 ]] ; then\n    cat << EOM\nerror: The sandbox is not in sync with the Podfile.lock. Run 'pod install' or update your CocoaPods installation.\nEOM\n    exit 1\nfi\n";
			showEnvVarsInLog = 0;
		};
/* End PBXShellScriptBuildPhase section */

/* Begin PBXSourcesBuildPhase section */
		8982CB0118969CDD00D059B5 /* Sources */ = {
			isa = PBXSourcesBuildPhase;
			buildActionMask = 2147483647;
			files = (
				8982CB1918969CDD00D059B5 /* AppDelegate.m in Sources */,
				89C2B3791896A32500B51FCB /* GameTableViewController.m in Sources */,
				89C2B3761896A2E400B51FCB /* GameViewController.m in Sources */,
				8982CB1518969CDD00D059B5 /* main.m in Sources */,
				89C2B3861896ACAD00B51FCB /* ResultsViewController.m in Sources */,
			);
			runOnlyForDeploymentPostprocessing = 0;
		};
		8982CB2218969CDD00D059B5 /* Sources */ = {
			isa = PBXSourcesBuildPhase;
			buildActionMask = 2147483647;
			files = (
				8982CB3418969CDD00D059B5 /* WhichTests.m in Sources */,
			);
			runOnlyForDeploymentPostprocessing = 0;
		};
/* End PBXSourcesBuildPhase section */

/* Begin PBXTargetDependency section */
		8982CB2C18969CDD00D059B5 /* PBXTargetDependency */ = {
			isa = PBXTargetDependency;
			target = 8982CB0418969CDD00D059B5 /* Which */;
			targetProxy = 8982CB2B18969CDD00D059B5 /* PBXContainerItemProxy */;
		};
/* End PBXTargetDependency section */

/* Begin PBXVariantGroup section */
		8982CB1118969CDD00D059B5 /* InfoPlist.strings */ = {
			isa = PBXVariantGroup;
			children = (
				8982CB1218969CDD00D059B5 /* en */,
			);
			name = InfoPlist.strings;
			sourceTree = "<group>";
		};
		8982CB1A18969CDD00D059B5 /* Main.storyboard */ = {
			isa = PBXVariantGroup;
			children = (
				8982CB1B18969CDD00D059B5 /* Base */,
			);
			name = Main.storyboard;
			sourceTree = "<group>";
		};
		8982CB3018969CDD00D059B5 /* InfoPlist.strings */ = {
			isa = PBXVariantGroup;
			children = (
				8982CB3118969CDD00D059B5 /* en */,
			);
			name = InfoPlist.strings;
			sourceTree = "<group>";
		};
/* End PBXVariantGroup section */

/* Begin XCBuildConfiguration section */
		8982CB3518969CDD00D059B5 /* Debug */ = {
			isa = XCBuildConfiguration;
			buildSettings = {
				ALWAYS_SEARCH_USER_PATHS = NO;
				ARCHS = "$(ARCHS_STANDARD_INCLUDING_64_BIT)";
				CLANG_CXX_LANGUAGE_STANDARD = "gnu++0x";
				CLANG_CXX_LIBRARY = "libc++";
				CLANG_ENABLE_MODULES = YES;
				CLANG_ENABLE_OBJC_ARC = YES;
				CLANG_WARN_BOOL_CONVERSION = YES;
				CLANG_WARN_CONSTANT_CONVERSION = YES;
				CLANG_WARN_DIRECT_OBJC_ISA_USAGE = YES_ERROR;
				CLANG_WARN_EMPTY_BODY = YES;
				CLANG_WARN_ENUM_CONVERSION = YES;
				CLANG_WARN_INT_CONVERSION = YES;
				CLANG_WARN_OBJC_ROOT_CLASS = YES_ERROR;
				CLANG_WARN__DUPLICATE_METHOD_MATCH = YES;
				"CODE_SIGN_IDENTITY[sdk=iphoneos*]" = "iPhone Developer";
				COPY_PHASE_STRIP = NO;
				GCC_C_LANGUAGE_STANDARD = gnu99;
				GCC_DYNAMIC_NO_PIC = NO;
				GCC_OPTIMIZATION_LEVEL = 0;
				GCC_PREPROCESSOR_DEFINITIONS = (
					"DEBUG=1",
					"$(inherited)",
				);
				GCC_SYMBOLS_PRIVATE_EXTERN = NO;
				GCC_WARN_64_TO_32_BIT_CONVERSION = YES;
				GCC_WARN_ABOUT_RETURN_TYPE = YES_ERROR;
				GCC_WARN_UNDECLARED_SELECTOR = YES;
				GCC_WARN_UNINITIALIZED_AUTOS = YES;
				GCC_WARN_UNUSED_FUNCTION = YES;
				GCC_WARN_UNUSED_VARIABLE = YES;
				IPHONEOS_DEPLOYMENT_TARGET = 7.0;
				ONLY_ACTIVE_ARCH = YES;
				SDKROOT = iphoneos;
			};
			name = Debug;
		};
		8982CB3618969CDD00D059B5 /* Release */ = {
			isa = XCBuildConfiguration;
			buildSettings = {
				ALWAYS_SEARCH_USER_PATHS = NO;
				ARCHS = "$(ARCHS_STANDARD_INCLUDING_64_BIT)";
				CLANG_CXX_LANGUAGE_STANDARD = "gnu++0x";
				CLANG_CXX_LIBRARY = "libc++";
				CLANG_ENABLE_MODULES = YES;
				CLANG_ENABLE_OBJC_ARC = YES;
				CLANG_WARN_BOOL_CONVERSION = YES;
				CLANG_WARN_CONSTANT_CONVERSION = YES;
				CLANG_WARN_DIRECT_OBJC_ISA_USAGE = YES_ERROR;
				CLANG_WARN_EMPTY_BODY = YES;
				CLANG_WARN_ENUM_CONVERSION = YES;
				CLANG_WARN_INT_CONVERSION = YES;
				CLANG_WARN_OBJC_ROOT_CLASS = YES_ERROR;
				CLANG_WARN__DUPLICATE_METHOD_MATCH = YES;
				"CODE_SIGN_IDENTITY[sdk=iphoneos*]" = "iPhone Developer";
				COPY_PHASE_STRIP = YES;
				ENABLE_NS_ASSERTIONS = NO;
				GCC_C_LANGUAGE_STANDARD = gnu99;
				GCC_WARN_64_TO_32_BIT_CONVERSION = YES;
				GCC_WARN_ABOUT_RETURN_TYPE = YES_ERROR;
				GCC_WARN_UNDECLARED_SELECTOR = YES;
				GCC_WARN_UNINITIALIZED_AUTOS = YES;
				GCC_WARN_UNUSED_FUNCTION = YES;
				GCC_WARN_UNUSED_VARIABLE = YES;
				IPHONEOS_DEPLOYMENT_TARGET = 7.0;
				SDKROOT = iphoneos;
				VALIDATE_PRODUCT = YES;
			};
			name = Release;
		};
		8982CB3818969CDD00D059B5 /* Debug */ = {
			isa = XCBuildConfiguration;
			baseConfigurationReference = FCAE3B2B859742118A5AB8CA /* Pods.xcconfig */;
			buildSettings = {
				ASSETCATALOG_COMPILER_APPICON_NAME = AppIcon;
				ASSETCATALOG_COMPILER_LAUNCHIMAGE_NAME = LaunchImage;
				GCC_PRECOMPILE_PREFIX_HEADER = YES;
				GCC_PREFIX_HEADER = "Which/Which-Prefix.pch";
				INFOPLIST_FILE = "Which/Which-Info.plist";
				PRODUCT_NAME = "$(TARGET_NAME)";
				WRAPPER_EXTENSION = app;
			};
			name = Debug;
		};
		8982CB3918969CDD00D059B5 /* Release */ = {
			isa = XCBuildConfiguration;
			baseConfigurationReference = FCAE3B2B859742118A5AB8CA /* Pods.xcconfig */;
			buildSettings = {
				ASSETCATALOG_COMPILER_APPICON_NAME = AppIcon;
				ASSETCATALOG_COMPILER_LAUNCHIMAGE_NAME = LaunchImage;
				GCC_PRECOMPILE_PREFIX_HEADER = YES;
				GCC_PREFIX_HEADER = "Which/Which-Prefix.pch";
				INFOPLIST_FILE = "Which/Which-Info.plist";
				PRODUCT_NAME = "$(TARGET_NAME)";
				WRAPPER_EXTENSION = app;
			};
			name = Release;
		};
		8982CB3B18969CDD00D059B5 /* Debug */ = {
			isa = XCBuildConfiguration;
			buildSettings = {
				ARCHS = "$(ARCHS_STANDARD_INCLUDING_64_BIT)";
				BUNDLE_LOADER = "$(BUILT_PRODUCTS_DIR)/Which.app/Which";
				FRAMEWORK_SEARCH_PATHS = (
					"$(SDKROOT)/Developer/Library/Frameworks",
					"$(inherited)",
					"$(DEVELOPER_FRAMEWORKS_DIR)",
				);
				GCC_PRECOMPILE_PREFIX_HEADER = YES;
				GCC_PREFIX_HEADER = "Which/Which-Prefix.pch";
				GCC_PREPROCESSOR_DEFINITIONS = (
					"DEBUG=1",
					"$(inherited)",
				);
				INFOPLIST_FILE = "WhichTests/WhichTests-Info.plist";
				PRODUCT_NAME = "$(TARGET_NAME)";
				TEST_HOST = "$(BUNDLE_LOADER)";
				WRAPPER_EXTENSION = xctest;
			};
			name = Debug;
		};
		8982CB3C18969CDD00D059B5 /* Release */ = {
			isa = XCBuildConfiguration;
			buildSettings = {
				ARCHS = "$(ARCHS_STANDARD_INCLUDING_64_BIT)";
				BUNDLE_LOADER = "$(BUILT_PRODUCTS_DIR)/Which.app/Which";
				FRAMEWORK_SEARCH_PATHS = (
					"$(SDKROOT)/Developer/Library/Frameworks",
					"$(inherited)",
					"$(DEVELOPER_FRAMEWORKS_DIR)",
				);
				GCC_PRECOMPILE_PREFIX_HEADER = YES;
				GCC_PREFIX_HEADER = "Which/Which-Prefix.pch";
				INFOPLIST_FILE = "WhichTests/WhichTests-Info.plist";
				PRODUCT_NAME = "$(TARGET_NAME)";
				TEST_HOST = "$(BUNDLE_LOADER)";
				WRAPPER_EXTENSION = xctest;
			};
			name = Release;
		};
/* End XCBuildConfiguration section */

/* Begin XCConfigurationList section */
		8982CB0018969CDD00D059B5 /* Build configuration list for PBXProject "Which" */ = {
			isa = XCConfigurationList;
			buildConfigurations = (
				8982CB3518969CDD00D059B5 /* Debug */,
				8982CB3618969CDD00D059B5 /* Release */,
			);
			defaultConfigurationIsVisible = 0;
			defaultConfigurationName = Release;
		};
		8982CB3718969CDD00D059B5 /* Build configuration list for PBXNativeTarget "Which" */ = {
			isa = XCConfigurationList;
			buildConfigurations = (
				8982CB3818969CDD00D059B5 /* Debug */,
				8982CB3918969CDD00D059B5 /* Release */,
			);
			defaultConfigurationIsVisible = 0;
			defaultConfigurationName = Release;
		};
		8982CB3A18969CDD00D059B5 /* Build configuration list for PBXNativeTarget "WhichTests" */ = {
			isa = XCConfigurationList;
			buildConfigurations = (
				8982CB3B18969CDD00D059B5 /* Debug */,
				8982CB3C18969CDD00D059B5 /* Release */,
			);
			defaultConfigurationIsVisible = 0;
			defaultConfigurationName = Release;
		};
/* End XCConfigurationList section */
	};
	rootObject = 8982CAFD18969CDD00D059B5 /* Project object */;
}
